
Microsoft Visual Studio Solution File, Format Version 12.00
# Visual Studio Version 17
VisualStudioVersion = 17.0.31912.275
MinimumVisualStudioVersion = 10.0.40219.1
Project("{FAE04EC0-301F-11D3-BF4B-00C04F79EFBC}") = "cSharp DateTime Formats - Cheat Sheet", "cSharp DateTime Formats - Cheat Sheet\cSharp DateTime Formats - Cheat Sheet.csproj", "{78FA83C3-2F7F-443A-90B5-2A244A8D3E25}"
EndProject
Global
	GlobalSection(SolutionConfigurationPlatforms) = preSolution
		Debug|Any CPU = Debug|Any CPU
		Release|Any CPU = Release|Any CPU
	EndGlobalSection
	GlobalSection(ProjectConfigurationPlatforms) = postSolution
		{78FA83C3-2F7F-443A-90B5-2A244A8D3E25}.Debug|Any CPU.ActiveCfg = Debug|Any CPU
		{78FA83C3-2F7F-443A-90B5-2A244A8D3E25}.Debug|Any CPU.Build.0 = Debug|Any CPU
		{78FA83C3-2F7F-443A-90B5-2A244A8D3E25}.Release|Any CPU.ActiveCfg = Release|Any CPU
		{78FA83C3-2F7F-443A-90B5-2A244A8D3E25}.Release|Any CPU.Build.0 = Release|Any CPU
	EndGlobalSection
	GlobalSection(SolutionProperties) = preSolution
		HideSolutionNode = FALSE
	EndGlobalSection
	GlobalSection(ExtensibilityGlobals) = postSolution
		SolutionGuid = {4D59B59C-34F4-456B-B272-B06EE8749936}
	EndGlobalSection
EndGlobal
